
Microsoft Visual Studio Solution File, Format Version 12.00
# Visual Studio 15
VisualStudioVersion = 15.0.26124.0
MinimumVisualStudioVersion = 15.0.26124.0
Project("{2150E333-8FDC-42A3-9474-1A3956D46DE8}") = "src", "src", "{80048EA9-694A-48C6-8D53-F29AA3EE7D5E}"
EndProject
Project("{2150E333-8FDC-42A3-9474-1A3956D46DE8}") = "Application", "Application", "{69BD4982-232B-4E7C-B897-9BD856FC702D}"
EndProject
Project("{FAE04EC0-301F-11D3-BF4B-00C04F79EFBC}") = "OranAuth.Common", "src\Common\OranAuth.Common\OranAuth.Common.csproj", "{AD9F6E56-8C94-4D86-A11F-4B862EDEF955}"
EndProject
Project("{FAE04EC0-301F-11D3-BF4B-00C04F79EFBC}") = "OranAuth.IoCConfig", "src\Common\OranAuth.IoCConfig\OranAuth.IoCConfig.csproj", "{FF910A25-CAA3-4528-8E91-FF02B044FA36}"
EndProject
Project("{FAE04EC0-301F-11D3-BF4B-00C04F79EFBC}") = "OranAuth.Services", "src\Application\OranAuth.Services\OranAuth.Services.csproj", "{5FD2044B-EA9B-4D6F-958B-26BECA25B5EB}"
EndProject
Project("{2150E333-8FDC-42A3-9474-1A3956D46DE8}") = "Domain", "Domain", "{AF146412-479E-4A0F-85D0-DB1AEF71F605}"
EndProject
Project("{FAE04EC0-301F-11D3-BF4B-00C04F79EFBC}") = "OranAuth.DomainClasses", "src\Domain\OranAuth.DomainClasses\OranAuth.DomainClasses.csproj", "{905B7F7D-1ABB-40A5-AF89-15284DFF03D0}"
EndProject
Project("{2150E333-8FDC-42A3-9474-1A3956D46DE8}") = "Infrastructure", "Infrastructure", "{893F7455-5C9E-4E8A-9CE7-7AEC5AC0823B}"
EndProject
Project("{FAE04EC0-301F-11D3-BF4B-00C04F79EFBC}") = "OranAuth.DataLayer", "src\Infrastructure\OranAuth.DataLayer\OranAuth.DataLayer.csproj", "{9ED6CD0B-6AC4-4A1C-A02D-E89840F47DDB}"
EndProject
Project("{2150E333-8FDC-42A3-9474-1A3956D46DE8}") = "Presentation", "Presentation", "{DDA67A2E-560E-4583-8C10-08EEFA674F49}"
EndProject
Project("{FAE04EC0-301F-11D3-BF4B-00C04F79EFBC}") = "OranAuth.ConsoleClient", "src\Presentation\OranAuth.ConsoleClient\OranAuth.ConsoleClient.csproj", "{90A62D0A-2239-4C27-AC87-5F4DBEC50B00}"
EndProject
Project("{FAE04EC0-301F-11D3-BF4B-00C04F79EFBC}") = "OranAuth.WebApp", "src\Presentation\OranAuth.WebApp\OranAuth.WebApp.csproj", "{97E5395A-04B7-465C-9A68-B25BBFCD95A6}"
EndProject
Project("{2150E333-8FDC-42A3-9474-1A3956D46DE8}") = "Tests", "Tests", "{A9336817-4A8D-4FE1-8C00-B72DE070BA25}"
EndProject
Project("{FAE04EC0-301F-11D3-BF4B-00C04F79EFBC}") = "OranAuth.IntegrationTests", "src\Tests\OranAuth.IntegrationTests\OranAuth.IntegrationTests.csproj", "{723E7F4E-ABBC-49DC-ACEF-AA70249BCB9F}"
EndProject
Project("{2150E333-8FDC-42A3-9474-1A3956D46DE8}") = "Common", "Common", "{5B6BF9E4-0061-48DD-98F2-5F7DEC958C46}"
EndProject
Global
	GlobalSection(SolutionConfigurationPlatforms) = preSolution
		Debug|Any CPU = Debug|Any CPU
		Debug|x64 = Debug|x64
		Debug|x86 = Debug|x86
		Release|Any CPU = Release|Any CPU
		Release|x64 = Release|x64
		Release|x86 = Release|x86
	EndGlobalSection
	GlobalSection(SolutionProperties) = preSolution
		HideSolutionNode = FALSE
	EndGlobalSection
	GlobalSection(ProjectConfigurationPlatforms) = postSolution
		{AD9F6E56-8C94-4D86-A11F-4B862EDEF955}.Debug|Any CPU.ActiveCfg = Debug|Any CPU
		{AD9F6E56-8C94-4D86-A11F-4B862EDEF955}.Debug|Any CPU.Build.0 = Debug|Any CPU
		{AD9F6E56-8C94-4D86-A11F-4B862EDEF955}.Debug|x64.ActiveCfg = Debug|Any CPU
		{AD9F6E56-8C94-4D86-A11F-4B862EDEF955}.Debug|x64.Build.0 = Debug|Any CPU
		{AD9F6E56-8C94-4D86-A11F-4B862EDEF955}.Debug|x86.ActiveCfg = Debug|Any CPU
		{AD9F6E56-8C94-4D86-A11F-4B862EDEF955}.Debug|x86.Build.0 = Debug|Any CPU
		{AD9F6E56-8C94-4D86-A11F-4B862EDEF955}.Release|Any CPU.ActiveCfg = Release|Any CPU
		{AD9F6E56-8C94-4D86-A11F-4B862EDEF955}.Release|Any CPU.Build.0 = Release|Any CPU
		{AD9F6E56-8C94-4D86-A11F-4B862EDEF955}.Release|x64.ActiveCfg = Release|Any CPU
		{AD9F6E56-8C94-4D86-A11F-4B862EDEF955}.Release|x64.Build.0 = Release|Any CPU
		{AD9F6E56-8C94-4D86-A11F-4B862EDEF955}.Release|x86.ActiveCfg = Release|Any CPU
		{AD9F6E56-8C94-4D86-A11F-4B862EDEF955}.Release|x86.Build.0 = Release|Any CPU
		{FF910A25-CAA3-4528-8E91-FF02B044FA36}.Debug|Any CPU.ActiveCfg = Debug|Any CPU
		{FF910A25-CAA3-4528-8E91-FF02B044FA36}.Debug|Any CPU.Build.0 = Debug|Any CPU
		{FF910A25-CAA3-4528-8E91-FF02B044FA36}.Debug|x64.ActiveCfg = Debug|Any CPU
		{FF910A25-CAA3-4528-8E91-FF02B044FA36}.Debug|x64.Build.0 = Debug|Any CPU
		{FF910A25-CAA3-4528-8E91-FF02B044FA36}.Debug|x86.ActiveCfg = Debug|Any CPU
		{FF910A25-CAA3-4528-8E91-FF02B044FA36}.Debug|x86.Build.0 = Debug|Any CPU
		{FF910A25-CAA3-4528-8E91-FF02B044FA36}.Release|Any CPU.ActiveCfg = Release|Any CPU
		{FF910A25-CAA3-4528-8E91-FF02B044FA36}.Release|Any CPU.Build.0 = Release|Any CPU
		{FF910A25-CAA3-4528-8E91-FF02B044FA36}.Release|x64.ActiveCfg = Release|Any CPU
		{FF910A25-CAA3-4528-8E91-FF02B044FA36}.Release|x64.Build.0 = Release|Any CPU
		{FF910A25-CAA3-4528-8E91-FF02B044FA36}.Release|x86.ActiveCfg = Release|Any CPU
		{FF910A25-CAA3-4528-8E91-FF02B044FA36}.Release|x86.Build.0 = Release|Any CPU
		{5FD2044B-EA9B-4D6F-958B-26BECA25B5EB}.Debug|Any CPU.ActiveCfg = Debug|Any CPU
		{5FD2044B-EA9B-4D6F-958B-26BECA25B5EB}.Debug|Any CPU.Build.0 = Debug|Any CPU
		{5FD2044B-EA9B-4D6F-958B-26BECA25B5EB}.Debug|x64.ActiveCfg = Debug|Any CPU
		{5FD2044B-EA9B-4D6F-958B-26BECA25B5EB}.Debug|x64.Build.0 = Debug|Any CPU
		{5FD2044B-EA9B-4D6F-958B-26BECA25B5EB}.Debug|x86.ActiveCfg = Debug|Any CPU
		{5FD2044B-EA9B-4D6F-958B-26BECA25B5EB}.Debug|x86.Build.0 = Debug|Any CPU
		{5FD2044B-EA9B-4D6F-958B-26BECA25B5EB}.Release|Any CPU.ActiveCfg = Release|Any CPU
		{5FD2044B-EA9B-4D6F-958B-26BECA25B5EB}.Release|Any CPU.Build.0 = Release|Any CPU
		{5FD2044B-EA9B-4D6F-958B-26BECA25B5EB}.Release|x64.ActiveCfg = Release|Any CPU
		{5FD2044B-EA9B-4D6F-958B-26BECA25B5EB}.Release|x64.Build.0 = Release|Any CPU
		{5FD2044B-EA9B-4D6F-958B-26BECA25B5EB}.Release|x86.ActiveCfg = Release|Any CPU
		{5FD2044B-EA9B-4D6F-958B-26BECA25B5EB}.Release|x86.Build.0 = Release|Any CPU
		{905B7F7D-1ABB-40A5-AF89-15284DFF03D0}.Debug|Any CPU.ActiveCfg = Debug|Any CPU
		{905B7F7D-1ABB-40A5-AF89-15284DFF03D0}.Debug|Any CPU.Build.0 = Debug|Any CPU
		{905B7F7D-1ABB-40A5-AF89-15284DFF03D0}.Debug|x64.ActiveCfg = Debug|Any CPU
		{905B7F7D-1ABB-40A5-AF89-15284DFF03D0}.Debug|x64.Build.0 = Debug|Any CPU
		{905B7F7D-1ABB-40A5-AF89-15284DFF03D0}.Debug|x86.ActiveCfg = Debug|Any CPU
		{905B7F7D-1ABB-40A5-AF89-15284DFF03D0}.Debug|x86.Build.0 = Debug|Any CPU
		{905B7F7D-1ABB-40A5-AF89-15284DFF03D0}.Release|Any CPU.ActiveCfg = Release|Any CPU
		{905B7F7D-1ABB-40A5-AF89-15284DFF03D0}.Release|Any CPU.Build.0 = Release|Any CPU
		{905B7F7D-1ABB-40A5-AF89-15284DFF03D0}.Release|x64.ActiveCfg = Release|Any CPU
		{905B7F7D-1ABB-40A5-AF89-15284DFF03D0}.Release|x64.Build.0 = Release|Any CPU
		{905B7F7D-1ABB-40A5-AF89-15284DFF03D0}.Release|x86.ActiveCfg = Release|Any CPU
		{905B7F7D-1ABB-40A5-AF89-15284DFF03D0}.Release|x86.Build.0 = Release|Any CPU
		{9ED6CD0B-6AC4-4A1C-A02D-E89840F47DDB}.Debug|Any CPU.ActiveCfg = Debug|Any CPU
		{9ED6CD0B-6AC4-4A1C-A02D-E89840F47DDB}.Debug|Any CPU.Build.0 = Debug|Any CPU
		{9ED6CD0B-6AC4-4A1C-A02D-E89840F47DDB}.Debug|x64.ActiveCfg = Debug|Any CPU
		{9ED6CD0B-6AC4-4A1C-A02D-E89840F47DDB}.Debug|x64.Build.0 = Debug|Any CPU
		{9ED6CD0B-6AC4-4A1C-A02D-E89840F47DDB}.Debug|x86.ActiveCfg = Debug|Any CPU
		{9ED6CD0B-6AC4-4A1C-A02D-E89840F47DDB}.Debug|x86.Build.0 = Debug|Any CPU
		{9ED6CD0B-6AC4-4A1C-A02D-E89840F47DDB}.Release|Any CPU.ActiveCfg = Release|Any CPU
		{9ED6CD0B-6AC4-4A1C-A02D-E89840F47DDB}.Release|Any CPU.Build.0 = Release|Any CPU
		{9ED6CD0B-6AC4-4A1C-A02D-E89840F47DDB}.Release|x64.ActiveCfg = Release|Any CPU
		{9ED6CD0B-6AC4-4A1C-A02D-E89840F47DDB}.Release|x64.Build.0 = Release|Any CPU
		{9ED6CD0B-6AC4-4A1C-A02D-E89840F47DDB}.Release|x86.ActiveCfg = Release|Any CPU
		{9ED6CD0B-6AC4-4A1C-A02D-E89840F47DDB}.Release|x86.Build.0 = Release|Any CPU
		{90A62D0A-2239-4C27-AC87-5F4DBEC50B00}.Debug|Any CPU.ActiveCfg = Debug|Any CPU
		{90A62D0A-2239-4C27-AC87-5F4DBEC50B00}.Debug|Any CPU.Build.0 = Debug|Any CPU
		{90A62D0A-2239-4C27-AC87-5F4DBEC50B00}.Debug|x64.ActiveCfg = Debug|Any CPU
		{90A62D0A-2239-4C27-AC87-5F4DBEC50B00}.Debug|x64.Build.0 = Debug|Any CPU
		{90A62D0A-2239-4C27-AC87-5F4DBEC50B00}.Debug|x86.ActiveCfg = Debug|Any CPU
		{90A62D0A-2239-4C27-AC87-5F4DBEC50B00}.Debug|x86.Build.0 = Debug|Any CPU
		{90A62D0A-2239-4C27-AC87-5F4DBEC50B00}.Release|Any CPU.ActiveCfg = Release|Any CPU
		{90A62D0A-2239-4C27-AC87-5F4DBEC50B00}.Release|Any CPU.Build.0 = Release|Any CPU
		{90A62D0A-2239-4C27-AC87-5F4DBEC50B00}.Release|x64.ActiveCfg = Release|Any CPU
		{90A62D0A-2239-4C27-AC87-5F4DBEC50B00}.Release|x64.Build.0 = Release|Any CPU
		{90A62D0A-2239-4C27-AC87-5F4DBEC50B00}.Release|x86.ActiveCfg = Release|Any CPU
		{90A62D0A-2239-4C27-AC87-5F4DBEC50B00}.Release|x86.Build.0 = Release|Any CPU
		{97E5395A-04B7-465C-9A68-B25BBFCD95A6}.Debug|Any CPU.ActiveCfg = Debug|Any CPU
		{97E5395A-04B7-465C-9A68-B25BBFCD95A6}.Debug|Any CPU.Build.0 = Debug|Any CPU
		{97E5395A-04B7-465C-9A68-B25BBFCD95A6}.Debug|x64.ActiveCfg = Debug|Any CPU
		{97E5395A-04B7-465C-9A68-B25BBFCD95A6}.Debug|x64.Build.0 = Debug|Any CPU
		{97E5395A-04B7-465C-9A68-B25BBFCD95A6}.Debug|x86.ActiveCfg = Debug|Any CPU
		{97E5395A-04B7-465C-9A68-B25BBFCD95A6}.Debug|x86.Build.0 = Debug|Any CPU
		{97E5395A-04B7-465C-9A68-B25BBFCD95A6}.Release|Any CPU.ActiveCfg = Release|Any CPU
		{97E5395A-04B7-465C-9A68-B25BBFCD95A6}.Release|Any CPU.Build.0 = Release|Any CPU
		{97E5395A-04B7-465C-9A68-B25BBFCD95A6}.Release|x64.ActiveCfg = Release|Any CPU
		{97E5395A-04B7-465C-9A68-B25BBFCD95A6}.Release|x64.Build.0 = Release|Any CPU
		{97E5395A-04B7-465C-9A68-B25BBFCD95A6}.Release|x86.ActiveCfg = Release|Any CPU
		{97E5395A-04B7-465C-9A68-B25BBFCD95A6}.Release|x86.Build.0 = Release|Any CPU
		{723E7F4E-ABBC-49DC-ACEF-AA70249BCB9F}.Debug|Any CPU.ActiveCfg = Debug|Any CPU
		{723E7F4E-ABBC-49DC-ACEF-AA70249BCB9F}.Debug|Any CPU.Build.0 = Debug|Any CPU
		{723E7F4E-ABBC-49DC-ACEF-AA70249BCB9F}.Debug|x64.ActiveCfg = Debug|Any CPU
		{723E7F4E-ABBC-49DC-ACEF-AA70249BCB9F}.Debug|x64.Build.0 = Debug|Any CPU
		{723E7F4E-ABBC-49DC-ACEF-AA70249BCB9F}.Debug|x86.ActiveCfg = Debug|Any CPU
		{723E7F4E-ABBC-49DC-ACEF-AA70249BCB9F}.Debug|x86.Build.0 = Debug|Any CPU
		{723E7F4E-ABBC-49DC-ACEF-AA70249BCB9F}.Release|Any CPU.ActiveCfg = Release|Any CPU
		{723E7F4E-ABBC-49DC-ACEF-AA70249BCB9F}.Release|Any CPU.Build.0 = Release|Any CPU
		{723E7F4E-ABBC-49DC-ACEF-AA70249BCB9F}.Release|x64.ActiveCfg = Release|Any CPU
		{723E7F4E-ABBC-49DC-ACEF-AA70249BCB9F}.Release|x64.Build.0 = Release|Any CPU
		{723E7F4E-ABBC-49DC-ACEF-AA70249BCB9F}.Release|x86.ActiveCfg = Release|Any CPU
		{723E7F4E-ABBC-49DC-ACEF-AA70249BCB9F}.Release|x86.Build.0 = Release|Any CPU
	EndGlobalSection
	GlobalSection(NestedProjects) = preSolution
		{69BD4982-232B-4E7C-B897-9BD856FC702D} = {80048EA9-694A-48C6-8D53-F29AA3EE7D5E}
		{AD9F6E56-8C94-4D86-A11F-4B862EDEF955} = {5B6BF9E4-0061-48DD-98F2-5F7DEC958C46}
		{FF910A25-CAA3-4528-8E91-FF02B044FA36} = {5B6BF9E4-0061-48DD-98F2-5F7DEC958C46}
		{5FD2044B-EA9B-4D6F-958B-26BECA25B5EB} = {69BD4982-232B-4E7C-B897-9BD856FC702D}
		{AF146412-479E-4A0F-85D0-DB1AEF71F605} = {80048EA9-694A-48C6-8D53-F29AA3EE7D5E}
		{905B7F7D-1ABB-40A5-AF89-15284DFF03D0} = {AF146412-479E-4A0F-85D0-DB1AEF71F605}
		{893F7455-5C9E-4E8A-9CE7-7AEC5AC0823B} = {80048EA9-694A-48C6-8D53-F29AA3EE7D5E}
		{9ED6CD0B-6AC4-4A1C-A02D-E89840F47DDB} = {893F7455-5C9E-4E8A-9CE7-7AEC5AC0823B}
		{DDA67A2E-560E-4583-8C10-08EEFA674F49} = {80048EA9-694A-48C6-8D53-F29AA3EE7D5E}
		{90A62D0A-2239-4C27-AC87-5F4DBEC50B00} = {DDA67A2E-560E-4583-8C10-08EEFA674F49}
		{97E5395A-04B7-465C-9A68-B25BBFCD95A6} = {DDA67A2E-560E-4583-8C10-08EEFA674F49}
		{A9336817-4A8D-4FE1-8C00-B72DE070BA25} = {80048EA9-694A-48C6-8D53-F29AA3EE7D5E}
		{723E7F4E-ABBC-49DC-ACEF-AA70249BCB9F} = {A9336817-4A8D-4FE1-8C00-B72DE070BA25}
		{5B6BF9E4-0061-48DD-98F2-5F7DEC958C46} = {80048EA9-694A-48C6-8D53-F29AA3EE7D5E}
	EndGlobalSection
EndGlobal
