
Microsoft Visual Studio Solution File, Format Version 12.00
# Visual Studio 15
VisualStudioVersion = 15.0.26124.0
MinimumVisualStudioVersion = 15.0.26124.0
Project("{2150E333-8FDC-42A3-9474-1A3956D46DE8}") = "tests", "tests", "{22D93170-2BA3-4442-B1B1-22E904635480}"
EndProject
Project("{FAE04EC0-301F-11D3-BF4B-00C04F79EFBC}") = "OranAuth.Tests.Integration", "tests\OranAuth.Tests.Integration\OranAuth.Tests.Integration.csproj", "{238562FA-D642-4277-8358-61C99EAFB239}"
EndProject
Project("{2150E333-8FDC-42A3-9474-1A3956D46DE8}") = "src", "src", "{79BE9E3D-31CC-4432-BDA1-8D571A65270B}"
EndProject
Project("{FAE04EC0-301F-11D3-BF4B-00C04F79EFBC}") = "OranAuth.Client.Console", "src\OranAuth.Client.Console\OranAuth.Client.Console.csproj", "{97329FDC-9C8E-4F05-A5E9-C849DB8E5D0A}"
EndProject
Project("{FAE04EC0-301F-11D3-BF4B-00C04F79EFBC}") = "OranAuth.Client.WebApp", "src\OranAuth.Client.WebApp\OranAuth.Client.WebApp.csproj", "{BDE7FC38-5C92-43BD-B49B-0B36EC663C62}"
EndProject
Project("{FAE04EC0-301F-11D3-BF4B-00C04F79EFBC}") = "OranAuth.Common", "src\OranAuth.Common\OranAuth.Common.csproj", "{07363373-2D88-40AC-B809-B14462B0BC64}"
EndProject
Project("{FAE04EC0-301F-11D3-BF4B-00C04F79EFBC}") = "OranAuth.Infrastructure", "src\OranAuth.Infrastructure\OranAuth.Infrastructure.csproj", "{081D05FC-968A-4970-A23C-26B368DA0249}"
EndProject
Project("{FAE04EC0-301F-11D3-BF4B-00C04F79EFBC}") = "OranAuth.Services", "src\OranAuth.Services\OranAuth.Services.csproj", "{AED507EC-5746-4756-BB2D-0501791A5DEB}"
EndProject
Project("{FAE04EC0-301F-11D3-BF4B-00C04F79EFBC}") = "OranAuth.Domain", "src\OranAuth.Domain\OranAuth.Domain.csproj", "{30DE5FD3-C5F9-47CD-911A-54A277FBE4DB}"
EndProject
Project("{FAE04EC0-301F-11D3-BF4B-00C04F79EFBC}") = "OranAuth.IoCConfig", "src\OranAuth.IoCConfig\OranAuth.IoCConfig.csproj", "{88101086-0235-437B-958A-CE4FD95944C8}"
EndProject
Global
	GlobalSection(SolutionConfigurationPlatforms) = preSolution
		Debug|Any CPU = Debug|Any CPU
		Debug|x64 = Debug|x64
		Debug|x86 = Debug|x86
		Release|Any CPU = Release|Any CPU
		Release|x64 = Release|x64
		Release|x86 = Release|x86
	EndGlobalSection
	GlobalSection(SolutionProperties) = preSolution
		HideSolutionNode = FALSE
	EndGlobalSection
	GlobalSection(ProjectConfigurationPlatforms) = postSolution
		{238562FA-D642-4277-8358-61C99EAFB239}.Debug|Any CPU.ActiveCfg = Debug|Any CPU
		{238562FA-D642-4277-8358-61C99EAFB239}.Debug|Any CPU.Build.0 = Debug|Any CPU
		{238562FA-D642-4277-8358-61C99EAFB239}.Debug|x64.ActiveCfg = Debug|Any CPU
		{238562FA-D642-4277-8358-61C99EAFB239}.Debug|x64.Build.0 = Debug|Any CPU
		{238562FA-D642-4277-8358-61C99EAFB239}.Debug|x86.ActiveCfg = Debug|Any CPU
		{238562FA-D642-4277-8358-61C99EAFB239}.Debug|x86.Build.0 = Debug|Any CPU
		{238562FA-D642-4277-8358-61C99EAFB239}.Release|Any CPU.ActiveCfg = Release|Any CPU
		{238562FA-D642-4277-8358-61C99EAFB239}.Release|Any CPU.Build.0 = Release|Any CPU
		{238562FA-D642-4277-8358-61C99EAFB239}.Release|x64.ActiveCfg = Release|Any CPU
		{238562FA-D642-4277-8358-61C99EAFB239}.Release|x64.Build.0 = Release|Any CPU
		{238562FA-D642-4277-8358-61C99EAFB239}.Release|x86.ActiveCfg = Release|Any CPU
		{238562FA-D642-4277-8358-61C99EAFB239}.Release|x86.Build.0 = Release|Any CPU
		{97329FDC-9C8E-4F05-A5E9-C849DB8E5D0A}.Debug|Any CPU.ActiveCfg = Debug|Any CPU
		{97329FDC-9C8E-4F05-A5E9-C849DB8E5D0A}.Debug|Any CPU.Build.0 = Debug|Any CPU
		{97329FDC-9C8E-4F05-A5E9-C849DB8E5D0A}.Debug|x64.ActiveCfg = Debug|Any CPU
		{97329FDC-9C8E-4F05-A5E9-C849DB8E5D0A}.Debug|x64.Build.0 = Debug|Any CPU
		{97329FDC-9C8E-4F05-A5E9-C849DB8E5D0A}.Debug|x86.ActiveCfg = Debug|Any CPU
		{97329FDC-9C8E-4F05-A5E9-C849DB8E5D0A}.Debug|x86.Build.0 = Debug|Any CPU
		{97329FDC-9C8E-4F05-A5E9-C849DB8E5D0A}.Release|Any CPU.ActiveCfg = Release|Any CPU
		{97329FDC-9C8E-4F05-A5E9-C849DB8E5D0A}.Release|Any CPU.Build.0 = Release|Any CPU
		{97329FDC-9C8E-4F05-A5E9-C849DB8E5D0A}.Release|x64.ActiveCfg = Release|Any CPU
		{97329FDC-9C8E-4F05-A5E9-C849DB8E5D0A}.Release|x64.Build.0 = Release|Any CPU
		{97329FDC-9C8E-4F05-A5E9-C849DB8E5D0A}.Release|x86.ActiveCfg = Release|Any CPU
		{97329FDC-9C8E-4F05-A5E9-C849DB8E5D0A}.Release|x86.Build.0 = Release|Any CPU
		{BDE7FC38-5C92-43BD-B49B-0B36EC663C62}.Debug|Any CPU.ActiveCfg = Debug|Any CPU
		{BDE7FC38-5C92-43BD-B49B-0B36EC663C62}.Debug|Any CPU.Build.0 = Debug|Any CPU
		{BDE7FC38-5C92-43BD-B49B-0B36EC663C62}.Debug|x64.ActiveCfg = Debug|Any CPU
		{BDE7FC38-5C92-43BD-B49B-0B36EC663C62}.Debug|x64.Build.0 = Debug|Any CPU
		{BDE7FC38-5C92-43BD-B49B-0B36EC663C62}.Debug|x86.ActiveCfg = Debug|Any CPU
		{BDE7FC38-5C92-43BD-B49B-0B36EC663C62}.Debug|x86.Build.0 = Debug|Any CPU
		{BDE7FC38-5C92-43BD-B49B-0B36EC663C62}.Release|Any CPU.ActiveCfg = Release|Any CPU
		{BDE7FC38-5C92-43BD-B49B-0B36EC663C62}.Release|Any CPU.Build.0 = Release|Any CPU
		{BDE7FC38-5C92-43BD-B49B-0B36EC663C62}.Release|x64.ActiveCfg = Release|Any CPU
		{BDE7FC38-5C92-43BD-B49B-0B36EC663C62}.Release|x64.Build.0 = Release|Any CPU
		{BDE7FC38-5C92-43BD-B49B-0B36EC663C62}.Release|x86.ActiveCfg = Release|Any CPU
		{BDE7FC38-5C92-43BD-B49B-0B36EC663C62}.Release|x86.Build.0 = Release|Any CPU
		{07363373-2D88-40AC-B809-B14462B0BC64}.Debug|Any CPU.ActiveCfg = Debug|Any CPU
		{07363373-2D88-40AC-B809-B14462B0BC64}.Debug|Any CPU.Build.0 = Debug|Any CPU
		{07363373-2D88-40AC-B809-B14462B0BC64}.Debug|x64.ActiveCfg = Debug|Any CPU
		{07363373-2D88-40AC-B809-B14462B0BC64}.Debug|x64.Build.0 = Debug|Any CPU
		{07363373-2D88-40AC-B809-B14462B0BC64}.Debug|x86.ActiveCfg = Debug|Any CPU
		{07363373-2D88-40AC-B809-B14462B0BC64}.Debug|x86.Build.0 = Debug|Any CPU
		{07363373-2D88-40AC-B809-B14462B0BC64}.Release|Any CPU.ActiveCfg = Release|Any CPU
		{07363373-2D88-40AC-B809-B14462B0BC64}.Release|Any CPU.Build.0 = Release|Any CPU
		{07363373-2D88-40AC-B809-B14462B0BC64}.Release|x64.ActiveCfg = Release|Any CPU
		{07363373-2D88-40AC-B809-B14462B0BC64}.Release|x64.Build.0 = Release|Any CPU
		{07363373-2D88-40AC-B809-B14462B0BC64}.Release|x86.ActiveCfg = Release|Any CPU
		{07363373-2D88-40AC-B809-B14462B0BC64}.Release|x86.Build.0 = Release|Any CPU
		{081D05FC-968A-4970-A23C-26B368DA0249}.Debug|Any CPU.ActiveCfg = Debug|Any CPU
		{081D05FC-968A-4970-A23C-26B368DA0249}.Debug|Any CPU.Build.0 = Debug|Any CPU
		{081D05FC-968A-4970-A23C-26B368DA0249}.Debug|x64.ActiveCfg = Debug|Any CPU
		{081D05FC-968A-4970-A23C-26B368DA0249}.Debug|x64.Build.0 = Debug|Any CPU
		{081D05FC-968A-4970-A23C-26B368DA0249}.Debug|x86.ActiveCfg = Debug|Any CPU
		{081D05FC-968A-4970-A23C-26B368DA0249}.Debug|x86.Build.0 = Debug|Any CPU
		{081D05FC-968A-4970-A23C-26B368DA0249}.Release|Any CPU.ActiveCfg = Release|Any CPU
		{081D05FC-968A-4970-A23C-26B368DA0249}.Release|Any CPU.Build.0 = Release|Any CPU
		{081D05FC-968A-4970-A23C-26B368DA0249}.Release|x64.ActiveCfg = Release|Any CPU
		{081D05FC-968A-4970-A23C-26B368DA0249}.Release|x64.Build.0 = Release|Any CPU
		{081D05FC-968A-4970-A23C-26B368DA0249}.Release|x86.ActiveCfg = Release|Any CPU
		{081D05FC-968A-4970-A23C-26B368DA0249}.Release|x86.Build.0 = Release|Any CPU
		{AED507EC-5746-4756-BB2D-0501791A5DEB}.Debug|Any CPU.ActiveCfg = Debug|Any CPU
		{AED507EC-5746-4756-BB2D-0501791A5DEB}.Debug|Any CPU.Build.0 = Debug|Any CPU
		{AED507EC-5746-4756-BB2D-0501791A5DEB}.Debug|x64.ActiveCfg = Debug|Any CPU
		{AED507EC-5746-4756-BB2D-0501791A5DEB}.Debug|x64.Build.0 = Debug|Any CPU
		{AED507EC-5746-4756-BB2D-0501791A5DEB}.Debug|x86.ActiveCfg = Debug|Any CPU
		{AED507EC-5746-4756-BB2D-0501791A5DEB}.Debug|x86.Build.0 = Debug|Any CPU
		{AED507EC-5746-4756-BB2D-0501791A5DEB}.Release|Any CPU.ActiveCfg = Release|Any CPU
		{AED507EC-5746-4756-BB2D-0501791A5DEB}.Release|Any CPU.Build.0 = Release|Any CPU
		{AED507EC-5746-4756-BB2D-0501791A5DEB}.Release|x64.ActiveCfg = Release|Any CPU
		{AED507EC-5746-4756-BB2D-0501791A5DEB}.Release|x64.Build.0 = Release|Any CPU
		{AED507EC-5746-4756-BB2D-0501791A5DEB}.Release|x86.ActiveCfg = Release|Any CPU
		{AED507EC-5746-4756-BB2D-0501791A5DEB}.Release|x86.Build.0 = Release|Any CPU
		{30DE5FD3-C5F9-47CD-911A-54A277FBE4DB}.Debug|Any CPU.ActiveCfg = Debug|Any CPU
		{30DE5FD3-C5F9-47CD-911A-54A277FBE4DB}.Debug|Any CPU.Build.0 = Debug|Any CPU
		{30DE5FD3-C5F9-47CD-911A-54A277FBE4DB}.Debug|x64.ActiveCfg = Debug|Any CPU
		{30DE5FD3-C5F9-47CD-911A-54A277FBE4DB}.Debug|x64.Build.0 = Debug|Any CPU
		{30DE5FD3-C5F9-47CD-911A-54A277FBE4DB}.Debug|x86.ActiveCfg = Debug|Any CPU
		{30DE5FD3-C5F9-47CD-911A-54A277FBE4DB}.Debug|x86.Build.0 = Debug|Any CPU
		{30DE5FD3-C5F9-47CD-911A-54A277FBE4DB}.Release|Any CPU.ActiveCfg = Release|Any CPU
		{30DE5FD3-C5F9-47CD-911A-54A277FBE4DB}.Release|Any CPU.Build.0 = Release|Any CPU
		{30DE5FD3-C5F9-47CD-911A-54A277FBE4DB}.Release|x64.ActiveCfg = Release|Any CPU
		{30DE5FD3-C5F9-47CD-911A-54A277FBE4DB}.Release|x64.Build.0 = Release|Any CPU
		{30DE5FD3-C5F9-47CD-911A-54A277FBE4DB}.Release|x86.ActiveCfg = Release|Any CPU
		{30DE5FD3-C5F9-47CD-911A-54A277FBE4DB}.Release|x86.Build.0 = Release|Any CPU
		{88101086-0235-437B-958A-CE4FD95944C8}.Debug|Any CPU.ActiveCfg = Debug|Any CPU
		{88101086-0235-437B-958A-CE4FD95944C8}.Debug|Any CPU.Build.0 = Debug|Any CPU
		{88101086-0235-437B-958A-CE4FD95944C8}.Debug|x64.ActiveCfg = Debug|Any CPU
		{88101086-0235-437B-958A-CE4FD95944C8}.Debug|x64.Build.0 = Debug|Any CPU
		{88101086-0235-437B-958A-CE4FD95944C8}.Debug|x86.ActiveCfg = Debug|Any CPU
		{88101086-0235-437B-958A-CE4FD95944C8}.Debug|x86.Build.0 = Debug|Any CPU
		{88101086-0235-437B-958A-CE4FD95944C8}.Release|Any CPU.ActiveCfg = Release|Any CPU
		{88101086-0235-437B-958A-CE4FD95944C8}.Release|Any CPU.Build.0 = Release|Any CPU
		{88101086-0235-437B-958A-CE4FD95944C8}.Release|x64.ActiveCfg = Release|Any CPU
		{88101086-0235-437B-958A-CE4FD95944C8}.Release|x64.Build.0 = Release|Any CPU
		{88101086-0235-437B-958A-CE4FD95944C8}.Release|x86.ActiveCfg = Release|Any CPU
		{88101086-0235-437B-958A-CE4FD95944C8}.Release|x86.Build.0 = Release|Any CPU
	EndGlobalSection
	GlobalSection(NestedProjects) = preSolution
		{238562FA-D642-4277-8358-61C99EAFB239} = {22D93170-2BA3-4442-B1B1-22E904635480}
		{97329FDC-9C8E-4F05-A5E9-C849DB8E5D0A} = {79BE9E3D-31CC-4432-BDA1-8D571A65270B}
		{BDE7FC38-5C92-43BD-B49B-0B36EC663C62} = {79BE9E3D-31CC-4432-BDA1-8D571A65270B}
		{07363373-2D88-40AC-B809-B14462B0BC64} = {79BE9E3D-31CC-4432-BDA1-8D571A65270B}
		{081D05FC-968A-4970-A23C-26B368DA0249} = {79BE9E3D-31CC-4432-BDA1-8D571A65270B}
		{AED507EC-5746-4756-BB2D-0501791A5DEB} = {79BE9E3D-31CC-4432-BDA1-8D571A65270B}
		{30DE5FD3-C5F9-47CD-911A-54A277FBE4DB} = {79BE9E3D-31CC-4432-BDA1-8D571A65270B}
		{88101086-0235-437B-958A-CE4FD95944C8} = {79BE9E3D-31CC-4432-BDA1-8D571A65270B}
	EndGlobalSection
EndGlobal
